
Microsoft Visual Studio Solution File, Format Version 12.00
# Visual Studio Version 17
VisualStudioVersion = 17.7.34031.279
MinimumVisualStudioVersion = 10.0.40219.1
Project("{FAE04EC0-301F-11D3-BF4B-00C04F79EFBC}") = "Villa.WebUI", "Villa.WebUI\Villa.WebUI.csproj", "{39358451-9280-485E-80F3-E971995ACC30}"
EndProject
Project("{FAE04EC0-301F-11D3-BF4B-00C04F79EFBC}") = "Villa.Entity", "Villa.Entity\Villa.Entity.csproj", "{768E6054-9CAF-4E99-8E03-5DCB0842158E}"
EndProject
Project("{FAE04EC0-301F-11D3-BF4B-00C04F79EFBC}") = "Villa.DataAccess", "Villa.DataAccess\Villa.DataAccess.csproj", "{D60233AE-426A-4005-8E4F-E187B175A18C}"
EndProject
Project("{FAE04EC0-301F-11D3-BF4B-00C04F79EFBC}") = "Villa.Business", "Villa.Business\Villa.Business.csproj", "{9011CD54-7B74-4C2F-88B8-134209CC4D8C}"
EndProject
Project("{FAE04EC0-301F-11D3-BF4B-00C04F79EFBC}") = "Villa.Dto", "Villa.Dto\Villa.Dto.csproj", "{41D37BBD-DFC1-47A3-919D-2C6514D5AFEF}"
EndProject
Global
	GlobalSection(SolutionConfigurationPlatforms) = preSolution
		Debug|Any CPU = Debug|Any CPU
		Release|Any CPU = Release|Any CPU
	EndGlobalSection
	GlobalSection(ProjectConfigurationPlatforms) = postSolution
		{39358451-9280-485E-80F3-E971995ACC30}.Debug|Any CPU.ActiveCfg = Debug|Any CPU
		{39358451-9280-485E-80F3-E971995ACC30}.Debug|Any CPU.Build.0 = Debug|Any CPU
		{39358451-9280-485E-80F3-E971995ACC30}.Release|Any CPU.ActiveCfg = Release|Any CPU
		{39358451-9280-485E-80F3-E971995ACC30}.Release|Any CPU.Build.0 = Release|Any CPU
		{768E6054-9CAF-4E99-8E03-5DCB0842158E}.Debug|Any CPU.ActiveCfg = Debug|Any CPU
		{768E6054-9CAF-4E99-8E03-5DCB0842158E}.Debug|Any CPU.Build.0 = Debug|Any CPU
		{768E6054-9CAF-4E99-8E03-5DCB0842158E}.Release|Any CPU.ActiveCfg = Release|Any CPU
		{768E6054-9CAF-4E99-8E03-5DCB0842158E}.Release|Any CPU.Build.0 = Release|Any CPU
		{D60233AE-426A-4005-8E4F-E187B175A18C}.Debug|Any CPU.ActiveCfg = Debug|Any CPU
		{D60233AE-426A-4005-8E4F-E187B175A18C}.Debug|Any CPU.Build.0 = Debug|Any CPU
		{D60233AE-426A-4005-8E4F-E187B175A18C}.Release|Any CPU.ActiveCfg = Release|Any CPU
		{D60233AE-426A-4005-8E4F-E187B175A18C}.Release|Any CPU.Build.0 = Release|Any CPU
		{9011CD54-7B74-4C2F-88B8-134209CC4D8C}.Debug|Any CPU.ActiveCfg = Debug|Any CPU
		{9011CD54-7B74-4C2F-88B8-134209CC4D8C}.Debug|Any CPU.Build.0 = Debug|Any CPU
		{9011CD54-7B74-4C2F-88B8-134209CC4D8C}.Release|Any CPU.ActiveCfg = Release|Any CPU
		{9011CD54-7B74-4C2F-88B8-134209CC4D8C}.Release|Any CPU.Build.0 = Release|Any CPU
		{41D37BBD-DFC1-47A3-919D-2C6514D5AFEF}.Debug|Any CPU.ActiveCfg = Debug|Any CPU
		{41D37BBD-DFC1-47A3-919D-2C6514D5AFEF}.Debug|Any CPU.Build.0 = Debug|Any CPU
		{41D37BBD-DFC1-47A3-919D-2C6514D5AFEF}.Release|Any CPU.ActiveCfg = Release|Any CPU
		{41D37BBD-DFC1-47A3-919D-2C6514D5AFEF}.Release|Any CPU.Build.0 = Release|Any CPU
	EndGlobalSection
	GlobalSection(SolutionProperties) = preSolution
		HideSolutionNode = FALSE
	EndGlobalSection
	GlobalSection(ExtensibilityGlobals) = postSolution
		SolutionGuid = {887E7BB9-8E68-46D7-A0A0-A63D13ADEBF9}
	EndGlobalSection
EndGlobal
